
Microsoft Visual Studio Solution File, Format Version 12.00
# Visual Studio 2013
VisualStudioVersion = 12.0.31101.0
MinimumVisualStudioVersion = 10.0.40219.1
Project("{8BC9CEB8-8B4A-11D0-8D11-00A0C91BC942}") = "Ex_4.1", "Ex_4.1\Ex_4.1.vcxproj", "{C79E6CDC-6414-4BAC-843D-72B4A85ED8E0}"
EndProject
Project("{8BC9CEB8-8B4A-11D0-8D11-00A0C91BC942}") = "Ex_4.2", "Ex_4.2\Ex_4.2.vcxproj", "{923CD073-48A6-49D1-849E-64AE228577CD}"
EndProject
Project("{8BC9CEB8-8B4A-11D0-8D11-00A0C91BC942}") = "Ex_4.3", "Ex_4.3\Ex_4.3.vcxproj", "{DB33ED26-B6ED-4124-9CCF-244DA8F3C18B}"
EndProject
Project("{8BC9CEB8-8B4A-11D0-8D11-00A0C91BC942}") = "Ex_4.4", "Ex_4.4\Ex_4.4.vcxproj", "{3D927D77-EFE5-45CE-8887-5251BD58BB8C}"
EndProject
Project("{8BC9CEB8-8B4A-11D0-8D11-00A0C91BC942}") = "Ex_4.5", "Ex_4.5\Ex_4.5.vcxproj", "{566ABF8A-71D8-41C7-ABA4-CB4EF284E815}"
EndProject
Project("{8BC9CEB8-8B4A-11D0-8D11-00A0C91BC942}") = "Ex_4.12", "Ex_4.12\Ex_4.12.vcxproj", "{C3BB519C-2EE3-49AD-9D8D-4C9CB7EA5184}"
EndProject
Project("{8BC9CEB8-8B4A-11D0-8D11-00A0C91BC942}") = "Ex_4.13", "Ex_4.13\Ex_4.13.vcxproj", "{08CBE61F-6D0A-4269-9AD3-69B7CE65C1CF}"
EndProject
Project("{8BC9CEB8-8B4A-11D0-8D11-00A0C91BC942}") = "Ex_4.14", "Ex_4.14\Ex_4.14.vcxproj", "{A625BCD9-F61E-400E-BF2A-2583B94A2694}"
EndProject
Project("{8BC9CEB8-8B4A-11D0-8D11-00A0C91BC942}") = "Ex_4.10", "Ex_4.10\Ex_4.10.vcxproj", "{8616C859-3A62-4DCB-A2A5-A9715C307DA0}"
EndProject
Global
	GlobalSection(SolutionConfigurationPlatforms) = preSolution
		Debug|Win32 = Debug|Win32
		Release|Win32 = Release|Win32
	EndGlobalSection
	GlobalSection(ProjectConfigurationPlatforms) = postSolution
		{C79E6CDC-6414-4BAC-843D-72B4A85ED8E0}.Debug|Win32.ActiveCfg = Debug|Win32
		{C79E6CDC-6414-4BAC-843D-72B4A85ED8E0}.Debug|Win32.Build.0 = Debug|Win32
		{C79E6CDC-6414-4BAC-843D-72B4A85ED8E0}.Release|Win32.ActiveCfg = Release|Win32
		{C79E6CDC-6414-4BAC-843D-72B4A85ED8E0}.Release|Win32.Build.0 = Release|Win32
		{923CD073-48A6-49D1-849E-64AE228577CD}.Debug|Win32.ActiveCfg = Debug|Win32
		{923CD073-48A6-49D1-849E-64AE228577CD}.Debug|Win32.Build.0 = Debug|Win32
		{923CD073-48A6-49D1-849E-64AE228577CD}.Release|Win32.ActiveCfg = Release|Win32
		{923CD073-48A6-49D1-849E-64AE228577CD}.Release|Win32.Build.0 = Release|Win32
		{DB33ED26-B6ED-4124-9CCF-244DA8F3C18B}.Debug|Win32.ActiveCfg = Debug|Win32
		{DB33ED26-B6ED-4124-9CCF-244DA8F3C18B}.Debug|Win32.Build.0 = Debug|Win32
		{DB33ED26-B6ED-4124-9CCF-244DA8F3C18B}.Release|Win32.ActiveCfg = Release|Win32
		{DB33ED26-B6ED-4124-9CCF-244DA8F3C18B}.Release|Win32.Build.0 = Release|Win32
		{3D927D77-EFE5-45CE-8887-5251BD58BB8C}.Debug|Win32.ActiveCfg = Debug|Win32
		{3D927D77-EFE5-45CE-8887-5251BD58BB8C}.Debug|Win32.Build.0 = Debug|Win32
		{3D927D77-EFE5-45CE-8887-5251BD58BB8C}.Release|Win32.ActiveCfg = Release|Win32
		{3D927D77-EFE5-45CE-8887-5251BD58BB8C}.Release|Win32.Build.0 = Release|Win32
		{566ABF8A-71D8-41C7-ABA4-CB4EF284E815}.Debug|Win32.ActiveCfg = Debug|Win32
		{566ABF8A-71D8-41C7-ABA4-CB4EF284E815}.Debug|Win32.Build.0 = Debug|Win32
		{566ABF8A-71D8-41C7-ABA4-CB4EF284E815}.Release|Win32.ActiveCfg = Release|Win32
		{566ABF8A-71D8-41C7-ABA4-CB4EF284E815}.Release|Win32.Build.0 = Release|Win32
		{C3BB519C-2EE3-49AD-9D8D-4C9CB7EA5184}.Debug|Win32.ActiveCfg = Debug|Win32
		{C3BB519C-2EE3-49AD-9D8D-4C9CB7EA5184}.Debug|Win32.Build.0 = Debug|Win32
		{C3BB519C-2EE3-49AD-9D8D-4C9CB7EA5184}.Release|Win32.ActiveCfg = Release|Win32
		{C3BB519C-2EE3-49AD-9D8D-4C9CB7EA5184}.Release|Win32.Build.0 = Release|Win32
		{08CBE61F-6D0A-4269-9AD3-69B7CE65C1CF}.Debug|Win32.ActiveCfg = Debug|Win32
		{08CBE61F-6D0A-4269-9AD3-69B7CE65C1CF}.Debug|Win32.Build.0 = Debug|Win32
		{08CBE61F-6D0A-4269-9AD3-69B7CE65C1CF}.Release|Win32.ActiveCfg = Release|Win32
		{08CBE61F-6D0A-4269-9AD3-69B7CE65C1CF}.Release|Win32.Build.0 = Release|Win32
		{A625BCD9-F61E-400E-BF2A-2583B94A2694}.Debug|Win32.ActiveCfg = Debug|Win32
		{A625BCD9-F61E-400E-BF2A-2583B94A2694}.Debug|Win32.Build.0 = Debug|Win32
		{A625BCD9-F61E-400E-BF2A-2583B94A2694}.Release|Win32.ActiveCfg = Release|Win32
		{A625BCD9-F61E-400E-BF2A-2583B94A2694}.Release|Win32.Build.0 = Release|Win32
		{8616C859-3A62-4DCB-A2A5-A9715C307DA0}.Debug|Win32.ActiveCfg = Debug|Win32
		{8616C859-3A62-4DCB-A2A5-A9715C307DA0}.Debug|Win32.Build.0 = Debug|Win32
		{8616C859-3A62-4DCB-A2A5-A9715C307DA0}.Release|Win32.ActiveCfg = Release|Win32
		{8616C859-3A62-4DCB-A2A5-A9715C307DA0}.Release|Win32.Build.0 = Release|Win32
	EndGlobalSection
	GlobalSection(SolutionProperties) = preSolution
		HideSolutionNode = FALSE
	EndGlobalSection
EndGlobal
